# This file is automatically @generated by Cargo.
# It is not intended for manual editing.
version = 3

[[package]]
name = "crc32c"
version = "0.6.8"
source = "registry+https://github.com/rust-lang/crates.io-index"
checksum = "3a47af21622d091a8f0fb295b88bc886ac74efcc613efc19f5d0b21de5c89e47"
dependencies = [
 "rustc_version",
]

[[package]]
name = "hashverify"
version = "0.1.0"
dependencies = [
 "crc32c",
 "murmur3",
 "siphasher",
]

[[package]]
name = "murmur3"
version = "0.5.2"
source = "registry+https://github.com/rust-lang/crates.io-index"
checksum = "9252111cf132ba0929b6f8e030cac2a24b507f3a4d6db6fb2896f27b354c714b"

[[package]]
name = "rustc_version"
version = "0.4.1"
source = "registry+https://github.com/rust-lang/crates.io-index"
checksum = "cfcb3a22ef46e85b45de6ee7e79d063319ebb6594faafcf1c225ea92ab6e9b92"
dependencies = [
 "semver",
]

[[package]]
name = "semver"
version = "1.0.23"
source = "registry+https://github.com/rust-lang/crates.io-index"
checksum = "61697e0a1c7e512e84a621326239844a24d8207b4669b41bc18b32ea5cbf988b"

[[package]]
name = "siphasher"
version = "1.0.1"
source = "registry+https://github.com/rust-lang/crates.io-index"
checksum = "56199f7ddabf13fe5074ce809e7d3f42b42ae711800501b5b16ea82ad029c39d"
